{
    "_readme": [
        "This file locks the dependencies of your project to a known state",
        "Read more about it at https://getcomposer.org/doc/01-basic-usage.md#installing-dependencies",
        "This file is @generated automatically"
    ],
    "content-hash": "d68f04efb9e95ce462d452fad543b78a",
    "packages": [
        {
            "name": "brick/math",
            "version": "0.11.0",
            "source": {
                "type": "git",
                "url": "https://github.com/brick/math.git",
                "reference": "0ad82ce168c82ba30d1c01ec86116ab52f589478"
            },
            "dist": {
                "type": "zip",
                "url": "https://api.github.com/repos/brick/math/zipball/0ad82ce168c82ba30d1c01ec86116ab52f589478",
                "reference": "0ad82ce168c82ba30d1c01ec86116ab52f589478",
                "shasum": ""
            },
            "require": {
                "php": "^8.0"
            },
            "require-dev": {
                "php-coveralls/php-coveralls": "^2.2",
                "phpunit/phpunit": "^9.0",
                "vimeo/psalm": "5.0.0"
            },
            "type": "library",
            "autoload": {
                "psr-4": {
                    "Brick\\Math\\": "src/"
                }
            },
            "notification-url": "https://packagist.org/downloads/",
            "license": [
                "MIT"
            ],
            "description": "Arbitrary-precision arithmetic library",
            "keywords": [
                "Arbitrary-precision",
                "BigInteger",
                "BigRational",
                "arithmetic",
                "bigdecimal",
                "bignum",
                "brick",
                "math"
            ],
            "support": {
                "issues": "https://github.com/brick/math/issues",
                "source": "https://github.com/brick/math/tree/0.11.0"
            },
            "funding": [
                {
                    "url": "https://github.com/BenMorel",
                    "type": "github"
                }
            ],
            "time": "2023-01-15T23:15:59+00:00"
        },
        {
            "name": "lcobucci/clock",
            "version": "3.0.0",
            "source": {
                "type": "git",
                "url": "https://github.com/lcobucci/clock.git",
                "reference": "039ef98c6b57b101d10bd11d8fdfda12cbd996dc"
            },
            "dist": {
                "type": "zip",
                "url": "https://api.github.com/repos/lcobucci/clock/zipball/039ef98c6b57b101d10bd11d8fdfda12cbd996dc",
                "reference": "039ef98c6b57b101d10bd11d8fdfda12cbd996dc",
                "shasum": ""
            },
            "require": {
                "php": "~8.1.0 || ~8.2.0",
                "psr/clock": "^1.0"
            },
            "provide": {
                "psr/clock-implementation": "1.0"
            },
            "require-dev": {
                "infection/infection": "^0.26",
                "lcobucci/coding-standard": "^9.0",
                "phpstan/extension-installer": "^1.2",
                "phpstan/phpstan": "^1.9.4",
                "phpstan/phpstan-deprecation-rules": "^1.1.1",
                "phpstan/phpstan-phpunit": "^1.3.2",
                "phpstan/phpstan-strict-rules": "^1.4.4",
                "phpunit/phpunit": "^9.5.27"
            },
            "type": "library",
            "autoload": {
                "psr-4": {
                    "Lcobucci\\Clock\\": "src"
                }
            },
            "notification-url": "https://packagist.org/downloads/",
            "license": [
                "MIT"
            ],
            "authors": [
                {
                    "name": "Luís Cobucci",
                    "email": "lcobucci@gmail.com"
                }
            ],
            "description": "Yet another clock abstraction",
            "support": {
                "issues": "https://github.com/lcobucci/clock/issues",
                "source": "https://github.com/lcobucci/clock/tree/3.0.0"
            },
            "funding": [
                {
                    "url": "https://github.com/lcobucci",
                    "type": "github"
                },
                {
                    "url": "https://www.patreon.com/lcobucci",
                    "type": "patreon"
                }
            ],
            "time": "2022-12-19T15:00:24+00:00"
        },
        {
            "name": "paragonie/constant_time_encoding",
            "version": "v2.6.3",
            "source": {
                "type": "git",
                "url": "https://github.com/paragonie/constant_time_encoding.git",
                "reference": "58c3f47f650c94ec05a151692652a868995d2938"
            },
            "dist": {
                "type": "zip",
                "url": "https://api.github.com/repos/paragonie/constant_time_encoding/zipball/58c3f47f650c94ec05a151692652a868995d2938",
                "reference": "58c3f47f650c94ec05a151692652a868995d2938",
                "shasum": ""
            },
            "require": {
                "php": "^7|^8"
            },
            "require-dev": {
                "phpunit/phpunit": "^6|^7|^8|^9",
                "vimeo/psalm": "^1|^2|^3|^4"
            },
            "type": "library",
            "autoload": {
                "psr-4": {
                    "ParagonIE\\ConstantTime\\": "src/"
                }
            },
            "notification-url": "https://packagist.org/downloads/",
            "license": [
                "MIT"
            ],
            "authors": [
                {
                    "name": "Paragon Initiative Enterprises",
                    "email": "security@paragonie.com",
                    "homepage": "https://paragonie.com",
                    "role": "Maintainer"
                },
                {
                    "name": "Steve 'Sc00bz' Thomas",
                    "email": "steve@tobtu.com",
                    "homepage": "https://www.tobtu.com",
                    "role": "Original Developer"
                }
            ],
            "description": "Constant-time Implementations of RFC 4648 Encoding (Base-64, Base-32, Base-16)",
            "keywords": [
                "base16",
                "base32",
                "base32_decode",
                "base32_encode",
                "base64",
                "base64_decode",
                "base64_encode",
                "bin2hex",
                "encoding",
                "hex",
                "hex2bin",
                "rfc4648"
            ],
            "support": {
                "email": "info@paragonie.com",
                "issues": "https://github.com/paragonie/constant_time_encoding/issues",
                "source": "https://github.com/paragonie/constant_time_encoding"
            },
            "time": "2022-06-14T06:56:20+00:00"
        },
        {
            "name": "psr/clock",
            "version": "1.0.0",
            "source": {
                "type": "git",
                "url": "https://github.com/php-fig/clock.git",
                "reference": "e41a24703d4560fd0acb709162f73b8adfc3aa0d"
            },
            "dist": {
                "type": "zip",
                "url": "https://api.github.com/repos/php-fig/clock/zipball/e41a24703d4560fd0acb709162f73b8adfc3aa0d",
                "reference": "e41a24703d4560fd0acb709162f73b8adfc3aa0d",
                "shasum": ""
            },
            "require": {
                "php": "^7.0 || ^8.0"
            },
            "type": "library",
            "autoload": {
                "psr-4": {
                    "Psr\\Clock\\": "src/"
                }
            },
            "notification-url": "https://packagist.org/downloads/",
            "license": [
                "MIT"
            ],
            "authors": [
                {
                    "name": "PHP-FIG",
                    "homepage": "https://www.php-fig.org/"
                }
            ],
            "description": "Common interface for reading the clock.",
            "homepage": "https://github.com/php-fig/clock",
            "keywords": [
                "clock",
                "now",
                "psr",
                "psr-20",
                "time"
            ],
            "support": {
                "issues": "https://github.com/php-fig/clock/issues",
                "source": "https://github.com/php-fig/clock/tree/1.0.0"
            },
            "time": "2022-11-25T14:36:26+00:00"
        },
        {
            "name": "spomky-labs/cbor-php",
            "version": "3.0.2",
            "source": {
                "type": "git",
                "url": "https://github.com/Spomky-Labs/cbor-php.git",
                "reference": "81d5dff7a1101d680729b5789f4359d01b15e6c5"
            },
            "dist": {
                "type": "zip",
                "url": "https://api.github.com/repos/Spomky-Labs/cbor-php/zipball/81d5dff7a1101d680729b5789f4359d01b15e6c5",
                "reference": "81d5dff7a1101d680729b5789f4359d01b15e6c5",
                "shasum": ""
            },
            "require": {
                "brick/math": "^0.9|^0.10|^0.11",
                "ext-mbstring": "*",
                "php": ">=8.0"
            },
            "require-dev": {
                "ekino/phpstan-banned-code": "^1.0",
                "ext-json": "*",
                "infection/infection": "^0.26",
                "php-parallel-lint/php-parallel-lint": "^1.3",
                "phpstan/extension-installer": "^1.1",
                "phpstan/phpstan": "^1.0",
                "phpstan/phpstan-beberlei-assert": "^1.0",
                "phpstan/phpstan-deprecation-rules": "^1.0",
                "phpstan/phpstan-phpunit": "^1.0",
                "phpstan/phpstan-strict-rules": "^1.0",
                "phpunit/phpunit": "^10.0",
                "qossmic/deptrac-shim": "^1.0",
                "rector/rector": "^0.15",
                "roave/security-advisories": "dev-latest",
                "symfony/var-dumper": "^6.0",
                "symplify/easy-coding-standard": "^11.1"
            },
            "suggest": {
                "ext-bcmath": "GMP or BCMath extensions will drastically improve the library performance. BCMath extension needed to handle the Big Float and Decimal Fraction Tags",
                "ext-gmp": "GMP or BCMath extensions will drastically improve the library performance"
            },
            "type": "library",
            "autoload": {
                "psr-4": {
                    "CBOR\\": "src/"
                }
            },
            "notification-url": "https://packagist.org/downloads/",
            "license": [
                "MIT"
            ],
            "authors": [
                {
                    "name": "Florent Morselli",
                    "homepage": "https://github.com/Spomky"
                },
                {
                    "name": "All contributors",
                    "homepage": "https://github.com/Spomky-Labs/cbor-php/contributors"
                }
            ],
            "description": "CBOR Encoder/Decoder for PHP",
            "keywords": [
                "Concise Binary Object Representation",
                "RFC7049",
                "cbor"
            ],
            "support": {
                "issues": "https://github.com/Spomky-Labs/cbor-php/issues",
                "source": "https://github.com/Spomky-Labs/cbor-php/tree/3.0.2"
            },
            "funding": [
                {
                    "url": "https://github.com/Spomky",
                    "type": "github"
                },
                {
                    "url": "https://www.patreon.com/FlorentMorselli",
                    "type": "patreon"
                }
            ],
            "time": "2023-02-28T21:37:12+00:00"
        },
        {
            "name": "spomky-labs/pki-framework",
            "version": "1.1.0",
            "source": {
                "type": "git",
                "url": "https://github.com/Spomky-Labs/pki-framework.git",
                "reference": "d3ba688bf40e7c6e0dabf065ee18fc210734e760"
            },
            "dist": {
                "type": "zip",
                "url": "https://api.github.com/repos/Spomky-Labs/pki-framework/zipball/d3ba688bf40e7c6e0dabf065ee18fc210734e760",
                "reference": "d3ba688bf40e7c6e0dabf065ee18fc210734e760",
                "shasum": ""
            },
            "require": {
                "brick/math": "^0.10 || ^0.11",
                "ext-mbstring": "*",
                "php": ">=8.1"
            },
            "require-dev": {
                "ekino/phpstan-banned-code": "^1.0",
                "ext-gmp": "*",
                "ext-openssl": "*",
                "infection/infection": "^0.26",
                "php-parallel-lint/php-parallel-lint": "^1.3",
                "phpstan/phpstan": "^1.8",
                "phpstan/phpstan-beberlei-assert": "^1.0",
                "phpstan/phpstan-deprecation-rules": "^1.0",
                "phpstan/phpstan-phpunit": "^1.1",
                "phpstan/phpstan-strict-rules": "^1.3",
                "phpunit/phpunit": "^10.0",
                "rector/rector": "^0.15",
                "roave/security-advisories": "dev-latest",
                "symfony/phpunit-bridge": "^6.1",
                "symfony/var-dumper": "^6.1",
                "symplify/easy-coding-standard": "^11.1",
                "thecodingmachine/phpstan-safe-rule": "^1.2"
            },
            "suggest": {
                "ext-bcmath": "For better performance (or GMP)",
                "ext-gmp": "For better performance (or BCMath)",
                "ext-openssl": "For OpenSSL based cyphering"
            },
            "type": "library",
            "autoload": {
                "psr-4": {
                    "SpomkyLabs\\Pki\\": "src/"
                }
            },
            "notification-url": "https://packagist.org/downloads/",
            "license": [
                "MIT"
            ],
            "authors": [
                {
                    "name": "Joni Eskelinen",
                    "email": "jonieske@gmail.com",
                    "role": "Original developer"
                },
                {
                    "name": "Florent Morselli",
                    "email": "florent.morselli@spomky-labs.com",
                    "role": "Spomky-Labs PKI Framework developer"
                }
            ],
            "description": "A PHP framework for managing Public Key Infrastructures. It comprises X.509 public key certificates, attribute certificates, certification requests and certification path validation.",
            "homepage": "https://github.com/spomky-labs/pki-framework",
            "keywords": [
                "DER",
                "Private Key",
                "ac",
                "algorithm identifier",
                "asn.1",
                "asn1",
                "attribute certificate",
                "certificate",
                "certification request",
                "cryptography",
                "csr",
                "decrypt",
                "ec",
                "encrypt",
                "pem",
                "pkcs",
                "public key",
                "rsa",
                "sign",
                "signature",
                "verify",
                "x.509",
                "x.690",
                "x509",
                "x690"
            ],
            "support": {
                "issues": "https://github.com/Spomky-Labs/pki-framework/issues",
                "source": "https://github.com/Spomky-Labs/pki-framework/tree/1.1.0"
            },
            "funding": [
                {
                    "url": "https://github.com/Spomky",
                    "type": "github"
                },
                {
                    "url": "https://www.patreon.com/FlorentMorselli",
                    "type": "patreon"
                }
            ],
            "time": "2023-02-13T17:21:24+00:00"
        },
        {
            "name": "symfony/deprecation-contracts",
            "version": "v3.2.1",
            "source": {
                "type": "git",
                "url": "https://github.com/symfony/deprecation-contracts.git",
                "reference": "e2d1534420bd723d0ef5aec58a22c5fe60ce6f5e"
            },
            "dist": {
                "type": "zip",
                "url": "https://api.github.com/repos/symfony/deprecation-contracts/zipball/e2d1534420bd723d0ef5aec58a22c5fe60ce6f5e",
                "reference": "e2d1534420bd723d0ef5aec58a22c5fe60ce6f5e",
                "shasum": ""
            },
            "require": {
                "php": ">=8.1"
            },
            "type": "library",
            "extra": {
                "branch-alias": {
                    "dev-main": "3.3-dev"
                },
                "thanks": {
                    "name": "symfony/contracts",
                    "url": "https://github.com/symfony/contracts"
                }
            },
            "autoload": {
                "files": [
                    "function.php"
                ]
            },
            "notification-url": "https://packagist.org/downloads/",
            "license": [
                "MIT"
            ],
            "authors": [
                {
                    "name": "Nicolas Grekas",
                    "email": "p@tchwork.com"
                },
                {
                    "name": "Symfony Community",
                    "homepage": "https://symfony.com/contributors"
                }
            ],
            "description": "A generic function and convention to trigger deprecation notices",
            "homepage": "https://symfony.com",
            "support": {
                "source": "https://github.com/symfony/deprecation-contracts/tree/v3.2.1"
            },
            "funding": [
                {
                    "url": "https://symfony.com/sponsor",
                    "type": "custom"
                },
                {
                    "url": "https://github.com/fabpot",
                    "type": "github"
                },
                {
                    "url": "https://tidelift.com/funding/github/packagist/symfony/symfony",
                    "type": "tidelift"
                }
            ],
            "time": "2023-03-01T10:25:55+00:00"
        },
        {
            "name": "symfony/polyfill-uuid",
            "version": "v1.27.0",
            "source": {
                "type": "git",
                "url": "https://github.com/symfony/polyfill-uuid.git",
                "reference": "f3cf1a645c2734236ed1e2e671e273eeb3586166"
            },
            "dist": {
                "type": "zip",
                "url": "https://api.github.com/repos/symfony/polyfill-uuid/zipball/f3cf1a645c2734236ed1e2e671e273eeb3586166",
                "reference": "f3cf1a645c2734236ed1e2e671e273eeb3586166",
                "shasum": ""
            },
            "require": {
                "php": ">=7.1"
            },
            "provide": {
                "ext-uuid": "*"
            },
            "suggest": {
                "ext-uuid": "For best performance"
            },
            "type": "library",
            "extra": {
                "branch-alias": {
                    "dev-main": "1.27-dev"
                },
                "thanks": {
                    "name": "symfony/polyfill",
                    "url": "https://github.com/symfony/polyfill"
                }
            },
            "autoload": {
                "files": [
                    "bootstrap.php"
                ],
                "psr-4": {
                    "Symfony\\Polyfill\\Uuid\\": ""
                }
            },
            "notification-url": "https://packagist.org/downloads/",
            "license": [
                "MIT"
            ],
            "authors": [
                {
                    "name": "Grégoire Pineau",
                    "email": "lyrixx@lyrixx.info"
                },
                {
                    "name": "Symfony Community",
                    "homepage": "https://symfony.com/contributors"
                }
            ],
            "description": "Symfony polyfill for uuid functions",
            "homepage": "https://symfony.com",
            "keywords": [
                "compatibility",
                "polyfill",
                "portable",
                "uuid"
            ],
            "support": {
                "source": "https://github.com/symfony/polyfill-uuid/tree/v1.27.0"
            },
            "funding": [
                {
                    "url": "https://symfony.com/sponsor",
                    "type": "custom"
                },
                {
                    "url": "https://github.com/fabpot",
                    "type": "github"
                },
                {
                    "url": "https://tidelift.com/funding/github/packagist/symfony/symfony",
                    "type": "tidelift"
                }
            ],
            "time": "2022-11-03T14:55:06+00:00"
        },
        {
            "name": "symfony/uid",
            "version": "v6.2.7",
            "source": {
                "type": "git",
                "url": "https://github.com/symfony/uid.git",
                "reference": "d30c72a63897cfa043e1de4d4dd2ffa9ecefcdc0"
            },
            "dist": {
                "type": "zip",
                "url": "https://api.github.com/repos/symfony/uid/zipball/d30c72a63897cfa043e1de4d4dd2ffa9ecefcdc0",
                "reference": "d30c72a63897cfa043e1de4d4dd2ffa9ecefcdc0",
                "shasum": ""
            },
            "require": {
                "php": ">=8.1",
                "symfony/polyfill-uuid": "^1.15"
            },
            "require-dev": {
                "symfony/console": "^5.4|^6.0"
            },
            "type": "library",
            "autoload": {
                "psr-4": {
                    "Symfony\\Component\\Uid\\": ""
                },
                "exclude-from-classmap": [
                    "/Tests/"
                ]
            },
            "notification-url": "https://packagist.org/downloads/",
            "license": [
                "MIT"
            ],
            "authors": [
                {
                    "name": "Grégoire Pineau",
                    "email": "lyrixx@lyrixx.info"
                },
                {
                    "name": "Nicolas Grekas",
                    "email": "p@tchwork.com"
                },
                {
                    "name": "Symfony Community",
                    "homepage": "https://symfony.com/contributors"
                }
            ],
            "description": "Provides an object-oriented API to generate and represent UIDs",
            "homepage": "https://symfony.com",
            "keywords": [
                "UID",
                "ulid",
                "uuid"
            ],
            "support": {
                "source": "https://github.com/symfony/uid/tree/v6.2.7"
            },
            "funding": [
                {
                    "url": "https://symfony.com/sponsor",
                    "type": "custom"
                },
                {
                    "url": "https://github.com/fabpot",
                    "type": "github"
                },
                {
                    "url": "https://tidelift.com/funding/github/packagist/symfony/symfony",
                    "type": "tidelift"
                }
            ],
            "time": "2023-02-14T08:44:56+00:00"
        },
        {
            "name": "web-auth/cose-lib",
            "version": "4.2.0",
            "source": {
                "type": "git",
                "url": "https://github.com/web-auth/cose-lib.git",
                "reference": "9e0cc49810b445ed0aa50d122ee82c63882af9a0"
            },
            "dist": {
                "type": "zip",
                "url": "https://api.github.com/repos/web-auth/cose-lib/zipball/9e0cc49810b445ed0aa50d122ee82c63882af9a0",
                "reference": "9e0cc49810b445ed0aa50d122ee82c63882af9a0",
                "shasum": ""
            },
            "require": {
                "brick/math": "^0.9|^0.10|^0.11",
                "ext-json": "*",
                "ext-mbstring": "*",
                "ext-openssl": "*",
                "php": ">=8.1",
                "spomky-labs/pki-framework": "^1.0"
            },
            "require-dev": {
                "ekino/phpstan-banned-code": "^1.0",
                "infection/infection": "^0.26.12",
                "php-parallel-lint/php-parallel-lint": "^1.3",
                "phpstan/phpstan": "^1.7",
                "phpstan/phpstan-deprecation-rules": "^1.0",
                "phpstan/phpstan-phpunit": "^1.1",
                "phpstan/phpstan-strict-rules": "^1.2",
                "phpunit/phpunit": "^10.0",
                "qossmic/deptrac-shim": "^1.0",
                "rector/rector": "^0.15",
                "symfony/phpunit-bridge": "^6.1",
                "symplify/easy-coding-standard": "^11.0"
            },
            "suggest": {
                "ext-bcmath": "For better performance, please install either GMP (recommended) or BCMath extension",
                "ext-gmp": "For better performance, please install either GMP (recommended) or BCMath extension"
            },
            "type": "library",
            "autoload": {
                "psr-4": {
                    "Cose\\": "src/"
                }
            },
            "notification-url": "https://packagist.org/downloads/",
            "license": [
                "MIT"
            ],
            "authors": [
                {
                    "name": "Florent Morselli",
                    "homepage": "https://github.com/Spomky"
                },
                {
                    "name": "All contributors",
                    "homepage": "https://github.com/web-auth/cose/contributors"
                }
            ],
            "description": "CBOR Object Signing and Encryption (COSE) For PHP",
            "homepage": "https://github.com/web-auth",
            "keywords": [
                "COSE",
                "RFC8152"
            ],
            "support": {
                "issues": "https://github.com/web-auth/cose-lib/issues",
                "source": "https://github.com/web-auth/cose-lib/tree/4.2.0"
            },
            "funding": [
                {
                    "url": "https://github.com/Spomky",
                    "type": "github"
                },
                {
                    "url": "https://www.patreon.com/FlorentMorselli",
                    "type": "patreon"
                }
            ],
            "time": "2023-02-28T18:05:22+00:00"
        },
        {
            "name": "web-auth/metadata-service",
            "version": "4.5.1",
            "source": {
                "type": "git",
                "url": "https://github.com/web-auth/webauthn-metadata-service.git",
                "reference": "82b3a517894987db1f8959a9320b9891515af9e7"
            },
            "dist": {
                "type": "zip",
                "url": "https://api.github.com/repos/web-auth/webauthn-metadata-service/zipball/82b3a517894987db1f8959a9320b9891515af9e7",
                "reference": "82b3a517894987db1f8959a9320b9891515af9e7",
                "shasum": ""
            },
            "require": {
                "ext-json": "*",
                "lcobucci/clock": "^2.2|^3.0",
                "paragonie/constant_time_encoding": "^2.6",
                "php": ">=8.1",
                "psr/clock": "^1.0",
                "psr/event-dispatcher": "^1.0",
                "psr/http-client": "^1.0",
                "psr/http-factory": "^1.0",
                "psr/log": "^1.0|^2.0|^3.0",
                "spomky-labs/pki-framework": "^1.0",
                "symfony/deprecation-contracts": "^3.2"
            },
            "suggest": {
                "psr/clock-implementation": "As of 4.5.x, the PSR Clock implementation will replace lcobucci/clock",
                "psr/log-implementation": "Recommended to receive logs from the library",
                "web-token/jwt-key-mgmt": "Mandatory for fetching Metadata Statement from distant sources",
                "web-token/jwt-signature-algorithm-ecdsa": "Mandatory for fetching Metadata Statement from distant sources"
            },
            "type": "library",
            "autoload": {
                "psr-4": {
                    "Webauthn\\MetadataService\\": "src/"
                }
            },
            "notification-url": "https://packagist.org/downloads/",
            "license": [
                "MIT"
            ],
            "authors": [
                {
                    "name": "Florent Morselli",
                    "homepage": "https://github.com/Spomky"
                },
                {
                    "name": "All contributors",
                    "homepage": "https://github.com/web-auth/metadata-service/contributors"
                }
            ],
            "description": "Metadata Service for FIDO2/Webauthn",
            "homepage": "https://github.com/web-auth",
            "keywords": [
                "FIDO2",
                "fido",
                "webauthn"
            ],
            "support": {
                "source": "https://github.com/web-auth/webauthn-metadata-service/tree/4.5.1"
            },
            "funding": [
                {
                    "url": "https://github.com/Spomky",
                    "type": "github"
                },
                {
                    "url": "https://www.patreon.com/FlorentMorselli",
                    "type": "patreon"
                }
            ],
            "time": "2023-01-22T17:02:25+00:00"
        },
        {
            "name": "web-auth/webauthn-lib",
            "version": "4.5.1",
            "source": {
                "type": "git",
                "url": "https://github.com/web-auth/webauthn-lib.git",
                "reference": "64920a2eb97d93cdfe30bcb2fdba3b48b669ad04"
            },
            "dist": {
                "type": "zip",
                "url": "https://api.github.com/repos/web-auth/webauthn-lib/zipball/64920a2eb97d93cdfe30bcb2fdba3b48b669ad04",
                "reference": "64920a2eb97d93cdfe30bcb2fdba3b48b669ad04",
                "shasum": ""
            },
            "require": {
                "ext-json": "*",
                "ext-mbstring": "*",
                "ext-openssl": "*",
                "paragonie/constant_time_encoding": "^2.6",
                "php": ">=8.1",
                "psr/event-dispatcher": "^1.0",
                "psr/http-client": "^1.0",
                "psr/http-factory": "^1.0",
                "psr/log": "^1.0|^2.0|^3.0",
                "spomky-labs/cbor-php": "^3.0",
                "symfony/uid": "^6.1",
                "web-auth/cose-lib": "^4.0.12",
                "web-auth/metadata-service": "self.version"
            },
            "require-dev": {
                "symfony/event-dispatcher": "^6.1"
            },
            "suggest": {
                "psr/log-implementation": "Recommended to receive logs from the library",
                "symfony/event-dispatcher": "Recommended to use dispatched events",
                "web-token/jwt-key-mgmt": "Mandatory for the AndroidSafetyNet Attestation Statement support",
                "web-token/jwt-signature-algorithm-ecdsa": "Recommended for the AndroidSafetyNet Attestation Statement support",
                "web-token/jwt-signature-algorithm-eddsa": "Recommended for the AndroidSafetyNet Attestation Statement support",
                "web-token/jwt-signature-algorithm-rsa": "Mandatory for the AndroidSafetyNet Attestation Statement support"
            },
            "type": "library",
            "autoload": {
                "psr-4": {
                    "Webauthn\\": "src/"
                }
            },
            "notification-url": "https://packagist.org/downloads/",
            "license": [
                "MIT"
            ],
            "authors": [
                {
                    "name": "Florent Morselli",
                    "homepage": "https://github.com/Spomky"
                },
                {
                    "name": "All contributors",
                    "homepage": "https://github.com/web-auth/webauthn-library/contributors"
                }
            ],
            "description": "FIDO2/Webauthn Support For PHP",
            "homepage": "https://github.com/web-auth",
            "keywords": [
                "FIDO2",
                "fido",
                "webauthn"
            ],
            "support": {
                "source": "https://github.com/web-auth/webauthn-lib/tree/4.5.1"
            },
            "funding": [
                {
                    "url": "https://github.com/Spomky",
                    "type": "github"
                },
                {
                    "url": "https://www.patreon.com/FlorentMorselli",
                    "type": "patreon"
                }
            ],
            "time": "2023-01-31T17:31:30+00:00"
        }
    ],
    "packages-dev": [],
    "aliases": [],
    "minimum-stability": "stable",
    "stability-flags": [],
    "prefer-stable": false,
    "prefer-lowest": false,
    "platform": [],
    "platform-dev": [],
    "plugin-api-version": "2.3.0"
}
